
Microsoft Visual Studio Solution File, Format Version 12.00
# Visual Studio Version 17
VisualStudioVersion = 17.5.33530.505
MinimumVisualStudioVersion = 10.0.40219.1
Project("{FAE04EC0-301F-11D3-BF4B-00C04F79EFBC}") = "NZWalks.API", "NZWalks.API\NZWalks.API.csproj", "{029207A0-7D38-40FF-8D55-FBC51C5332DE}"
EndProject
Global
	GlobalSection(SolutionConfigurationPlatforms) = preSolution
		Debug|Any CPU = Debug|Any CPU
		Release|Any CPU = Release|Any CPU
	EndGlobalSection
	GlobalSection(ProjectConfigurationPlatforms) = postSolution
		{029207A0-7D38-40FF-8D55-FBC51C5332DE}.Debug|Any CPU.ActiveCfg = Debug|Any CPU
		{029207A0-7D38-40FF-8D55-FBC51C5332DE}.Debug|Any CPU.Build.0 = Debug|Any CPU
		{029207A0-7D38-40FF-8D55-FBC51C5332DE}.Release|Any CPU.ActiveCfg = Release|Any CPU
		{029207A0-7D38-40FF-8D55-FBC51C5332DE}.Release|Any CPU.Build.0 = Release|Any CPU
	EndGlobalSection
	GlobalSection(SolutionProperties) = preSolution
		HideSolutionNode = FALSE
	EndGlobalSection
	GlobalSection(ExtensibilityGlobals) = postSolution
		SolutionGuid = {88A5E38C-C75A-49C8-AB50-89907E6C4C21}
	EndGlobalSection
EndGlobal
